
Microsoft Visual Studio Solution File, Format Version 12.00
# Visual Studio Version 16
VisualStudioVersion = 16.0.29123.88
MinimumVisualStudioVersion = 10.0.40219.1
Project("{9A19103F-16F7-4668-BE54-9A1E7A4F7556}") = "Data", "Data\Data.csproj", "{3522DBC2-8625-44B6-B016-D69B1BCE4C62}"
EndProject
Project("{9A19103F-16F7-4668-BE54-9A1E7A4F7556}") = "Data.Concrete.Core", "Data.Concrete.Core\Data.Concrete.Core.csproj", "{722FF86F-EC8B-4A9C-9CB5-AE9CD0F624A8}"
EndProject
Project("{FAE04EC0-301F-11D3-BF4B-00C04F79EFBC}") = "Data.Concrete.EF6", "Data.Concrete.EF6\Data.Concrete.EF6.csproj", "{05747866-D7AF-4153-8635-8D0ABF10BF3A}"
EndProject
Project("{9A19103F-16F7-4668-BE54-9A1E7A4F7556}") = "Core.Test", "Core.Test\Core.Test.csproj", "{CDEADB76-8ACA-483B-8554-1F74C463F634}"
EndProject
Project("{FAE04EC0-301F-11D3-BF4B-00C04F79EFBC}") = "EF6.Test", "EF6.Test\EF6.Test.csproj", "{47A49C6A-FCA4-4FC4-AF9A-A496BD65E3A9}"
EndProject
Global
	GlobalSection(SolutionConfigurationPlatforms) = preSolution
		Debug|Any CPU = Debug|Any CPU
		Release|Any CPU = Release|Any CPU
	EndGlobalSection
	GlobalSection(ProjectConfigurationPlatforms) = postSolution
		{3522DBC2-8625-44B6-B016-D69B1BCE4C62}.Debug|Any CPU.ActiveCfg = Debug|Any CPU
		{3522DBC2-8625-44B6-B016-D69B1BCE4C62}.Debug|Any CPU.Build.0 = Debug|Any CPU
		{3522DBC2-8625-44B6-B016-D69B1BCE4C62}.Release|Any CPU.ActiveCfg = Release|Any CPU
		{3522DBC2-8625-44B6-B016-D69B1BCE4C62}.Release|Any CPU.Build.0 = Release|Any CPU
		{722FF86F-EC8B-4A9C-9CB5-AE9CD0F624A8}.Debug|Any CPU.ActiveCfg = Debug|Any CPU
		{722FF86F-EC8B-4A9C-9CB5-AE9CD0F624A8}.Debug|Any CPU.Build.0 = Debug|Any CPU
		{722FF86F-EC8B-4A9C-9CB5-AE9CD0F624A8}.Release|Any CPU.ActiveCfg = Release|Any CPU
		{722FF86F-EC8B-4A9C-9CB5-AE9CD0F624A8}.Release|Any CPU.Build.0 = Release|Any CPU
		{05747866-D7AF-4153-8635-8D0ABF10BF3A}.Debug|Any CPU.ActiveCfg = Debug|Any CPU
		{05747866-D7AF-4153-8635-8D0ABF10BF3A}.Debug|Any CPU.Build.0 = Debug|Any CPU
		{05747866-D7AF-4153-8635-8D0ABF10BF3A}.Release|Any CPU.ActiveCfg = Release|Any CPU
		{05747866-D7AF-4153-8635-8D0ABF10BF3A}.Release|Any CPU.Build.0 = Release|Any CPU
		{CDEADB76-8ACA-483B-8554-1F74C463F634}.Debug|Any CPU.ActiveCfg = Debug|Any CPU
		{CDEADB76-8ACA-483B-8554-1F74C463F634}.Debug|Any CPU.Build.0 = Debug|Any CPU
		{CDEADB76-8ACA-483B-8554-1F74C463F634}.Release|Any CPU.ActiveCfg = Release|Any CPU
		{CDEADB76-8ACA-483B-8554-1F74C463F634}.Release|Any CPU.Build.0 = Release|Any CPU
		{47A49C6A-FCA4-4FC4-AF9A-A496BD65E3A9}.Debug|Any CPU.ActiveCfg = Debug|Any CPU
		{47A49C6A-FCA4-4FC4-AF9A-A496BD65E3A9}.Debug|Any CPU.Build.0 = Debug|Any CPU
		{47A49C6A-FCA4-4FC4-AF9A-A496BD65E3A9}.Release|Any CPU.ActiveCfg = Release|Any CPU
		{47A49C6A-FCA4-4FC4-AF9A-A496BD65E3A9}.Release|Any CPU.Build.0 = Release|Any CPU
	EndGlobalSection
	GlobalSection(SolutionProperties) = preSolution
		HideSolutionNode = FALSE
	EndGlobalSection
	GlobalSection(ExtensibilityGlobals) = postSolution
		SolutionGuid = {CD3F2F84-D07F-43C0-ACA4-054609CFA95E}
	EndGlobalSection
EndGlobal
